
Microsoft Visual Studio Solution File, Format Version 12.00
# Visual Studio Version 16
VisualStudioVersion = 16.0.31515.178
MinimumVisualStudioVersion = 10.0.40219.1
Project("{FAE04EC0-301F-11D3-BF4B-00C04F79EFBC}") = "Expenses.WebApi", "Expenses.WebApi\Expenses.WebApi.csproj", "{0EF6497A-EE5F-4EA7-B48B-40B62A0D151D}"
EndProject
Project("{FAE04EC0-301F-11D3-BF4B-00C04F79EFBC}") = "Expenses.DB", "Expenses.DB\Expenses.DB.csproj", "{1CD9781B-2DDE-490F-98C6-5854A515F1A5}"
EndProject
Project("{FAE04EC0-301F-11D3-BF4B-00C04F79EFBC}") = "Expenses.Core", "Expenses.Core\Expenses.Core.csproj", "{01A4C9BE-425F-4ED3-A006-CA1B664F3893}"
EndProject
Global
	GlobalSection(SolutionConfigurationPlatforms) = preSolution
		Debug|Any CPU = Debug|Any CPU
		Release|Any CPU = Release|Any CPU
	EndGlobalSection
	GlobalSection(ProjectConfigurationPlatforms) = postSolution
		{0EF6497A-EE5F-4EA7-B48B-40B62A0D151D}.Debug|Any CPU.ActiveCfg = Debug|Any CPU
		{0EF6497A-EE5F-4EA7-B48B-40B62A0D151D}.Debug|Any CPU.Build.0 = Debug|Any CPU
		{0EF6497A-EE5F-4EA7-B48B-40B62A0D151D}.Release|Any CPU.ActiveCfg = Release|Any CPU
		{0EF6497A-EE5F-4EA7-B48B-40B62A0D151D}.Release|Any CPU.Build.0 = Release|Any CPU
		{1CD9781B-2DDE-490F-98C6-5854A515F1A5}.Debug|Any CPU.ActiveCfg = Debug|Any CPU
		{1CD9781B-2DDE-490F-98C6-5854A515F1A5}.Debug|Any CPU.Build.0 = Debug|Any CPU
		{1CD9781B-2DDE-490F-98C6-5854A515F1A5}.Release|Any CPU.ActiveCfg = Release|Any CPU
		{1CD9781B-2DDE-490F-98C6-5854A515F1A5}.Release|Any CPU.Build.0 = Release|Any CPU
		{01A4C9BE-425F-4ED3-A006-CA1B664F3893}.Debug|Any CPU.ActiveCfg = Debug|Any CPU
		{01A4C9BE-425F-4ED3-A006-CA1B664F3893}.Debug|Any CPU.Build.0 = Debug|Any CPU
		{01A4C9BE-425F-4ED3-A006-CA1B664F3893}.Release|Any CPU.ActiveCfg = Release|Any CPU
		{01A4C9BE-425F-4ED3-A006-CA1B664F3893}.Release|Any CPU.Build.0 = Release|Any CPU
	EndGlobalSection
	GlobalSection(SolutionProperties) = preSolution
		HideSolutionNode = FALSE
	EndGlobalSection
	GlobalSection(ExtensibilityGlobals) = postSolution
		SolutionGuid = {CEA1FF11-EECA-40F5-8F60-E9DFAF944095}
	EndGlobalSection
EndGlobal
